// !$*UTF8*$!
{
	archiveVersion = 1;
	classes = {
	};
	objectVersion = 50;
	objects = {

/* Begin PBXBuildFile section */
		462A5275256E5C630098C110 /* AppDelegate.swift in Sources */ = {isa = PBXBuildFile; fileRef = 462A5274256E5C630098C110 /* AppDelegate.swift */; };
		462A5277256E5C630098C110 /* SceneDelegate.swift in Sources */ = {isa = PBXBuildFile; fileRef = 462A5276256E5C630098C110 /* SceneDelegate.swift */; };
		462A5279256E5C630098C110 /* ViewController.swift in Sources */ = {isa = PBXBuildFile; fileRef = 462A5278256E5C630098C110 /* ViewController.swift */; };
		462A527C256E5C630098C110 /* Main.storyboard in Resources */ = {isa = PBXBuildFile; fileRef = 462A527A256E5C630098C110 /* Main.storyboard */; };
		462A527E256E5C650098C110 /* Assets.xcassets in Resources */ = {isa = PBXBuildFile; fileRef = 462A527D256E5C650098C110 /* Assets.xcassets */; };
		462A5281256E5C650098C110 /* LaunchScreen.storyboard in Resources */ = {isa = PBXBuildFile; fileRef = 462A527F256E5C650098C110 /* LaunchScreen.storyboard */; };
		462A528C256E5C650098C110 /* WeatherAppTests.swift in Sources */ = {isa = PBXBuildFile; fileRef = 462A528B256E5C650098C110 /* WeatherAppTests.swift */; };
		462A5297256E5C650098C110 /* WeatherAppUITests.swift in Sources */ = {isa = PBXBuildFile; fileRef = 462A5296256E5C650098C110 /* WeatherAppUITests.swift */; };
		462A52A8256E5EFB0098C110 /* NetworkManagerTests.swift in Sources */ = {isa = PBXBuildFile; fileRef = 462A52A7256E5EFB0098C110 /* NetworkManagerTests.swift */; };
		462A52AD256E5F4B0098C110 /* NetworkManager.swift in Sources */ = {isa = PBXBuildFile; fileRef = 462A52AC256E5F4B0098C110 /* NetworkManager.swift */; };
		462A52B2256E60970098C110 /* WeatherModel.swift in Sources */ = {isa = PBXBuildFile; fileRef = 462A52B1256E60970098C110 /* WeatherModel.swift */; };
		462A52B7256E60A80098C110 /* WAError.swift in Sources */ = {isa = PBXBuildFile; fileRef = 462A52B6256E60A80098C110 /* WAError.swift */; };
		462A52BC256E62000098C110 /* Constants.swift in Sources */ = {isa = PBXBuildFile; fileRef = 462A52BB256E62000098C110 /* Constants.swift */; };
/* End PBXBuildFile section */

/* Begin PBXContainerItemProxy section */
		462A5288256E5C650098C110 /* PBXContainerItemProxy */ = {
			isa = PBXContainerItemProxy;
			containerPortal = 462A5269256E5C630098C110 /* Project object */;
			proxyType = 1;
			remoteGlobalIDString = 462A5270256E5C630098C110;
			remoteInfo = WeatherApp;
		};
		462A5293256E5C650098C110 /* PBXContainerItemProxy */ = {
			isa = PBXContainerItemProxy;
			containerPortal = 462A5269256E5C630098C110 /* Project object */;
			proxyType = 1;
			remoteGlobalIDString = 462A5270256E5C630098C110;
			remoteInfo = WeatherApp;
		};
/* End PBXContainerItemProxy section */

/* Begin PBXFileReference section */
		462A5271256E5C630098C110 /* WeatherApp.app */ = {isa = PBXFileReference; explicitFileType = wrapper.application; includeInIndex = 0; path = WeatherApp.app; sourceTree = BUILT_PRODUCTS_DIR; };
		462A5274256E5C630098C110 /* AppDelegate.swift */ = {isa = PBXFileReference; lastKnownFileType = sourcecode.swift; path = AppDelegate.swift; sourceTree = "<group>"; };
		462A5276256E5C630098C110 /* SceneDelegate.swift */ = {isa = PBXFileReference; lastKnownFileType = sourcecode.swift; path = SceneDelegate.swift; sourceTree = "<group>"; };
		462A5278256E5C630098C110 /* ViewController.swift */ = {isa = PBXFileReference; lastKnownFileType = sourcecode.swift; path = ViewController.swift; sourceTree = "<group>"; };
		462A527B256E5C630098C110 /* Base */ = {isa = PBXFileReference; lastKnownFileType = file.storyboard; name = Base; path = Base.lproj/Main.storyboard; sourceTree = "<group>"; };
		462A527D256E5C650098C110 /* Assets.xcassets */ = {isa = PBXFileReference; lastKnownFileType = folder.assetcatalog; path = Assets.xcassets; sourceTree = "<group>"; };
		462A5280256E5C650098C110 /* Base */ = {isa = PBXFileReference; lastKnownFileType = file.storyboard; name = Base; path = Base.lproj/LaunchScreen.storyboard; sourceTree = "<group>"; };
		462A5282256E5C650098C110 /* Info.plist */ = {isa = PBXFileReference; lastKnownFileType = text.plist.xml; path = Info.plist; sourceTree = "<group>"; };
		462A5287256E5C650098C110 /* WeatherAppTests.xctest */ = {isa = PBXFileReference; explicitFileType = wrapper.cfbundle; includeInIndex = 0; path = WeatherAppTests.xctest; sourceTree = BUILT_PRODUCTS_DIR; };
		462A528B256E5C650098C110 /* WeatherAppTests.swift */ = {isa = PBXFileReference; lastKnownFileType = sourcecode.swift; path = WeatherAppTests.swift; sourceTree = "<group>"; };
		462A528D256E5C650098C110 /* Info.plist */ = {isa = PBXFileReference; lastKnownFileType = text.plist.xml; path = Info.plist; sourceTree = "<group>"; };
		462A5292256E5C650098C110 /* WeatherAppUITests.xctest */ = {isa = PBXFileReference; explicitFileType = wrapper.cfbundle; includeInIndex = 0; path = WeatherAppUITests.xctest; sourceTree = BUILT_PRODUCTS_DIR; };
		462A5296256E5C650098C110 /* WeatherAppUITests.swift */ = {isa = PBXFileReference; lastKnownFileType = sourcecode.swift; path = WeatherAppUITests.swift; sourceTree = "<group>"; };
		462A5298256E5C650098C110 /* Info.plist */ = {isa = PBXFileReference; lastKnownFileType = text.plist.xml; path = Info.plist; sourceTree = "<group>"; };
		462A52A7256E5EFB0098C110 /* NetworkManagerTests.swift */ = {isa = PBXFileReference; lastKnownFileType = sourcecode.swift; path = NetworkManagerTests.swift; sourceTree = "<group>"; };
		462A52AC256E5F4B0098C110 /* NetworkManager.swift */ = {isa = PBXFileReference; lastKnownFileType = sourcecode.swift; path = NetworkManager.swift; sourceTree = "<group>"; };
		462A52B1256E60970098C110 /* WeatherModel.swift */ = {isa = PBXFileReference; lastKnownFileType = sourcecode.swift; path = WeatherModel.swift; sourceTree = "<group>"; };
		462A52B6256E60A80098C110 /* WAError.swift */ = {isa = PBXFileReference; lastKnownFileType = sourcecode.swift; path = WAError.swift; sourceTree = "<group>"; };
		462A52BB256E62000098C110 /* Constants.swift */ = {isa = PBXFileReference; lastKnownFileType = sourcecode.swift; path = Constants.swift; sourceTree = "<group>"; };
/* End PBXFileReference section */

/* Begin PBXFrameworksBuildPhase section */
		462A526E256E5C630098C110 /* Frameworks */ = {
			isa = PBXFrameworksBuildPhase;
			buildActionMask = 2147483647;
			files = (
			);
			runOnlyForDeploymentPostprocessing = 0;
		};
		462A5284256E5C650098C110 /* Frameworks */ = {
			isa = PBXFrameworksBuildPhase;
			buildActionMask = 2147483647;
			files = (
			);
			runOnlyForDeploymentPostprocessing = 0;
		};
		462A528F256E5C650098C110 /* Frameworks */ = {
			isa = PBXFrameworksBuildPhase;
			buildActionMask = 2147483647;
			files = (
			);
			runOnlyForDeploymentPostprocessing = 0;
		};
/* End PBXFrameworksBuildPhase section */

/* Begin PBXGroup section */
		462A5268256E5C630098C110 = {
			isa = PBXGroup;
			children = (
				462A5273256E5C630098C110 /* WeatherApp */,
				462A528A256E5C650098C110 /* WeatherAppTests */,
				462A5295256E5C650098C110 /* WeatherAppUITests */,
				462A5272256E5C630098C110 /* Products */,
			);
			sourceTree = "<group>";
		};
		462A5272256E5C630098C110 /* Products */ = {
			isa = PBXGroup;
			children = (
				462A5271256E5C630098C110 /* WeatherApp.app */,
				462A5287256E5C650098C110 /* WeatherAppTests.xctest */,
				462A5292256E5C650098C110 /* WeatherAppUITests.xctest */,
			);
			name = Products;
			sourceTree = "<group>";
		};
		462A5273256E5C630098C110 /* WeatherApp */ = {
			isa = PBXGroup;
			children = (
				462A5274256E5C630098C110 /* AppDelegate.swift */,
				462A5276256E5C630098C110 /* SceneDelegate.swift */,
				462A5278256E5C630098C110 /* ViewController.swift */,
				462A527A256E5C630098C110 /* Main.storyboard */,
				462A527D256E5C650098C110 /* Assets.xcassets */,
				462A527F256E5C650098C110 /* LaunchScreen.storyboard */,
				462A5282256E5C650098C110 /* Info.plist */,
				462A52BB256E62000098C110 /* Constants.swift */,
				462A52AC256E5F4B0098C110 /* NetworkManager.swift */,
				462A52B1256E60970098C110 /* WeatherModel.swift */,
				462A52B6256E60A80098C110 /* WAError.swift */,
			);
			path = WeatherApp;
			sourceTree = "<group>";
		};
		462A528A256E5C650098C110 /* WeatherAppTests */ = {
			isa = PBXGroup;
			children = (
				462A528B256E5C650098C110 /* WeatherAppTests.swift */,
				462A528D256E5C650098C110 /* Info.plist */,
				462A52A7256E5EFB0098C110 /* NetworkManagerTests.swift */,
			);
			path = WeatherAppTests;
			sourceTree = "<group>";
		};
		462A5295256E5C650098C110 /* WeatherAppUITests */ = {
			isa = PBXGroup;
			children = (
				462A5296256E5C650098C110 /* WeatherAppUITests.swift */,
				462A5298256E5C650098C110 /* Info.plist */,
			);
			path = WeatherAppUITests;
			sourceTree = "<group>";
		};
/* End PBXGroup section */

/* Begin PBXNativeTarget section */
		462A5270256E5C630098C110 /* WeatherApp */ = {
			isa = PBXNativeTarget;
			buildConfigurationList = 462A529B256E5C650098C110 /* Build configuration list for PBXNativeTarget "WeatherApp" */;
			buildPhases = (
				462A526D256E5C630098C110 /* Sources */,
				462A526E256E5C630098C110 /* Frameworks */,
				462A526F256E5C630098C110 /* Resources */,
			);
			buildRules = (
			);
			dependencies = (
			);
			name = WeatherApp;
			productName = WeatherApp;
			productReference = 462A5271256E5C630098C110 /* WeatherApp.app */;
			productType = "com.apple.product-type.application";
		};
		462A5286256E5C650098C110 /* WeatherAppTests */ = {
			isa = PBXNativeTarget;
			buildConfigurationList = 462A529E256E5C650098C110 /* Build configuration list for PBXNativeTarget "WeatherAppTests" */;
			buildPhases = (
				462A5283256E5C650098C110 /* Sources */,
				462A5284256E5C650098C110 /* Frameworks */,
				462A5285256E5C650098C110 /* Resources */,
			);
			buildRules = (
			);
			dependencies = (
				462A5289256E5C650098C110 /* PBXTargetDependency */,
			);
			name = WeatherAppTests;
			productName = WeatherAppTests;
			productReference = 462A5287256E5C650098C110 /* WeatherAppTests.xctest */;
			productType = "com.apple.product-type.bundle.unit-test";
		};
		462A5291256E5C650098C110 /* WeatherAppUITests */ = {
			isa = PBXNativeTarget;
			buildConfigurationList = 462A52A1256E5C650098C110 /* Build configuration list for PBXNativeTarget "WeatherAppUITests" */;
			buildPhases = (
				462A528E256E5C650098C110 /* Sources */,
				462A528F256E5C650098C110 /* Frameworks */,
				462A5290256E5C650098C110 /* Resources */,
			);
			buildRules = (
			);
			dependencies = (
				462A5294256E5C650098C110 /* PBXTargetDependency */,
			);
			name = WeatherAppUITests;
			productName = WeatherAppUITests;
			productReference = 462A5292256E5C650098C110 /* WeatherAppUITests.xctest */;
			productType = "com.apple.product-type.bundle.ui-testing";
		};
/* End PBXNativeTarget section */

/* Begin PBXProject section */
		462A5269256E5C630098C110 /* Project object */ = {
			isa = PBXProject;
			attributes = {
				LastSwiftUpdateCheck = 1220;
				LastUpgradeCheck = 1220;
				TargetAttributes = {
					462A5270256E5C630098C110 = {
						CreatedOnToolsVersion = 12.2;
					};
					462A5286256E5C650098C110 = {
						CreatedOnToolsVersion = 12.2;
						TestTargetID = 462A5270256E5C630098C110;
					};
					462A5291256E5C650098C110 = {
						CreatedOnToolsVersion = 12.2;
						TestTargetID = 462A5270256E5C630098C110;
					};
				};
			};
			buildConfigurationList = 462A526C256E5C630098C110 /* Build configuration list for PBXProject "WeatherApp" */;
			compatibilityVersion = "Xcode 9.3";
			developmentRegion = en;
			hasScannedForEncodings = 0;
			knownRegions = (
				en,
				Base,
			);
			mainGroup = 462A5268256E5C630098C110;
			productRefGroup = 462A5272256E5C630098C110 /* Products */;
			projectDirPath = "";
			projectRoot = "";
			targets = (
				462A5270256E5C630098C110 /* WeatherApp */,
				462A5286256E5C650098C110 /* WeatherAppTests */,
				462A5291256E5C650098C110 /* WeatherAppUITests */,
			);
		};
/* End PBXProject section */

/* Begin PBXResourcesBuildPhase section */
		462A526F256E5C630098C110 /* Resources */ = {
			isa = PBXResourcesBuildPhase;
			buildActionMask = 2147483647;
			files = (
				462A5281256E5C650098C110 /* LaunchScreen.storyboard in Resources */,
				462A527E256E5C650098C110 /* Assets.xcassets in Resources */,
				462A527C256E5C630098C110 /* Main.storyboard in Resources */,
			);
			runOnlyForDeploymentPostprocessing = 0;
		};
		462A5285256E5C650098C110 /* Resources */ = {
			isa = PBXResourcesBuildPhase;
			buildActionMask = 2147483647;
			files = (
			);
			runOnlyForDeploymentPostprocessing = 0;
		};
		462A5290256E5C650098C110 /* Resources */ = {
			isa = PBXResourcesBuildPhase;
			buildActionMask = 2147483647;
			files = (
			);
			runOnlyForDeploymentPostprocessing = 0;
		};
/* End PBXResourcesBuildPhase section */

/* Begin PBXSourcesBuildPhase section */
		462A526D256E5C630098C110 /* Sources */ = {
			isa = PBXSourcesBuildPhase;
			buildActionMask = 2147483647;
			files = (
				462A52AD256E5F4B0098C110 /* NetworkManager.swift in Sources */,
				462A5279256E5C630098C110 /* ViewController.swift in Sources */,
				462A52B7256E60A80098C110 /* WAError.swift in Sources */,
				462A5275256E5C630098C110 /* AppDelegate.swift in Sources */,
				462A52BC256E62000098C110 /* Constants.swift in Sources */,
				462A5277256E5C630098C110 /* SceneDelegate.swift in Sources */,
				462A52B2256E60970098C110 /* WeatherModel.swift in Sources */,
			);
			runOnlyForDeploymentPostprocessing = 0;
		};
		462A5283256E5C650098C110 /* Sources */ = {
			isa = PBXSourcesBuildPhase;
			buildActionMask = 2147483647;
			files = (
				462A52A8256E5EFB0098C110 /* NetworkManagerTests.swift in Sources */,
				462A528C256E5C650098C110 /* WeatherAppTests.swift in Sources */,
			);
			runOnlyForDeploymentPostprocessing = 0;
		};
		462A528E256E5C650098C110 /* Sources */ = {
			isa = PBXSourcesBuildPhase;
			buildActionMask = 2147483647;
			files = (
				462A5297256E5C650098C110 /* WeatherAppUITests.swift in Sources */,
			);
			runOnlyForDeploymentPostprocessing = 0;
		};
/* End PBXSourcesBuildPhase section */

/* Begin PBXTargetDependency section */
		462A5289256E5C650098C110 /* PBXTargetDependency */ = {
			isa = PBXTargetDependency;
			target = 462A5270256E5C630098C110 /* WeatherApp */;
			targetProxy = 462A5288256E5C650098C110 /* PBXContainerItemProxy */;
		};
		462A5294256E5C650098C110 /* PBXTargetDependency */ = {
			isa = PBXTargetDependency;
			target = 462A5270256E5C630098C110 /* WeatherApp */;
			targetProxy = 462A5293256E5C650098C110 /* PBXContainerItemProxy */;
		};
/* End PBXTargetDependency section */

/* Begin PBXVariantGroup section */
		462A527A256E5C630098C110 /* Main.storyboard */ = {
			isa = PBXVariantGroup;
			children = (
				462A527B256E5C630098C110 /* Base */,
			);
			name = Main.storyboard;
			sourceTree = "<group>";
		};
		462A527F256E5C650098C110 /* LaunchScreen.storyboard */ = {
			isa = PBXVariantGroup;
			children = (
				462A5280256E5C650098C110 /* Base */,
			);
			name = LaunchScreen.storyboard;
			sourceTree = "<group>";
		};
/* End PBXVariantGroup section */

/* Begin XCBuildConfiguration section */
		462A5299256E5C650098C110 /* Debug */ = {
			isa = XCBuildConfiguration;
			buildSettings = {
				ALWAYS_SEARCH_USER_PATHS = NO;
				CLANG_ANALYZER_NONNULL = YES;
				CLANG_ANALYZER_NUMBER_OBJECT_CONVERSION = YES_AGGRESSIVE;
				CLANG_CXX_LANGUAGE_STANDARD = "gnu++14";
				CLANG_CXX_LIBRARY = "libc++";
				CLANG_ENABLE_MODULES = YES;
				CLANG_ENABLE_OBJC_ARC = YES;
				CLANG_ENABLE_OBJC_WEAK = YES;
				CLANG_WARN_BLOCK_CAPTURE_AUTORELEASING = YES;
				CLANG_WARN_BOOL_CONVERSION = YES;
				CLANG_WARN_COMMA = YES;
				CLANG_WARN_CONSTANT_CONVERSION = YES;
				CLANG_WARN_DEPRECATED_OBJC_IMPLEMENTATIONS = YES;
				CLANG_WARN_DIRECT_OBJC_ISA_USAGE = YES_ERROR;
				CLANG_WARN_DOCUMENTATION_COMMENTS = YES;
				CLANG_WARN_EMPTY_BODY = YES;
				CLANG_WARN_ENUM_CONVERSION = YES;
				CLANG_WARN_INFINITE_RECURSION = YES;
				CLANG_WARN_INT_CONVERSION = YES;
				CLANG_WARN_NON_LITERAL_NULL_CONVERSION = YES;
				CLANG_WARN_OBJC_IMPLICIT_RETAIN_SELF = YES;
				CLANG_WARN_OBJC_LITERAL_CONVERSION = YES;
				CLANG_WARN_OBJC_ROOT_CLASS = YES_ERROR;
				CLANG_WARN_QUOTED_INCLUDE_IN_FRAMEWORK_HEADER = YES;
				CLANG_WARN_RANGE_LOOP_ANALYSIS = YES;
				CLANG_WARN_STRICT_PROTOTYPES = YES;
				CLANG_WARN_SUSPICIOUS_MOVE = YES;
				CLANG_WARN_UNGUARDED_AVAILABILITY = YES_AGGRESSIVE;
				CLANG_WARN_UNREACHABLE_CODE = YES;
				CLANG_WARN__DUPLICATE_METHOD_MATCH = YES;
				COPY_PHASE_STRIP = NO;
				DEBUG_INFORMATION_FORMAT = dwarf;
				ENABLE_STRICT_OBJC_MSGSEND = YES;
				ENABLE_TESTABILITY = YES;
				GCC_C_LANGUAGE_STANDARD = gnu11;
				GCC_DYNAMIC_NO_PIC = NO;
				GCC_NO_COMMON_BLOCKS = YES;
				GCC_OPTIMIZATION_LEVEL = 0;
				GCC_PREPROCESSOR_DEFINITIONS = (
					"DEBUG=1",
					"$(inherited)",
				);
				GCC_WARN_64_TO_32_BIT_CONVERSION = YES;
				GCC_WARN_ABOUT_RETURN_TYPE = YES_ERROR;
				GCC_WARN_UNDECLARED_SELECTOR = YES;
				GCC_WARN_UNINITIALIZED_AUTOS = YES_AGGRESSIVE;
				GCC_WARN_UNUSED_FUNCTION = YES;
				GCC_WARN_UNUSED_VARIABLE = YES;
				IPHONEOS_DEPLOYMENT_TARGET = 14.2;
				MTL_ENABLE_DEBUG_INFO = INCLUDE_SOURCE;
				MTL_FAST_MATH = YES;
				ONLY_ACTIVE_ARCH = YES;
				SDKROOT = iphoneos;
				SWIFT_ACTIVE_COMPILATION_CONDITIONS = DEBUG;
				SWIFT_OPTIMIZATION_LEVEL = "-Onone";
			};
			name = Debug;
		};
		462A529A256E5C650098C110 /* Release */ = {
			isa = XCBuildConfiguration;
			buildSettings = {
				ALWAYS_SEARCH_USER_PATHS = NO;
				CLANG_ANALYZER_NONNULL = YES;
				CLANG_ANALYZER_NUMBER_OBJECT_CONVERSION = YES_AGGRESSIVE;
				CLANG_CXX_LANGUAGE_STANDARD = "gnu++14";
				CLANG_CXX_LIBRARY = "libc++";
				CLANG_ENABLE_MODULES = YES;
				CLANG_ENABLE_OBJC_ARC = YES;
				CLANG_ENABLE_OBJC_WEAK = YES;
				CLANG_WARN_BLOCK_CAPTURE_AUTORELEASING = YES;
				CLANG_WARN_BOOL_CONVERSION = YES;
				CLANG_WARN_COMMA = YES;
				CLANG_WARN_CONSTANT_CONVERSION = YES;
				CLANG_WARN_DEPRECATED_OBJC_IMPLEMENTATIONS = YES;
				CLANG_WARN_DIRECT_OBJC_ISA_USAGE = YES_ERROR;
				CLANG_WARN_DOCUMENTATION_COMMENTS = YES;
				CLANG_WARN_EMPTY_BODY = YES;
				CLANG_WARN_ENUM_CONVERSION = YES;
				CLANG_WARN_INFINITE_RECURSION = YES;
				CLANG_WARN_INT_CONVERSION = YES;
				CLANG_WARN_NON_LITERAL_NULL_CONVERSION = YES;
				CLANG_WARN_OBJC_IMPLICIT_RETAIN_SELF = YES;
				CLANG_WARN_OBJC_LITERAL_CONVERSION = YES;
				CLANG_WARN_OBJC_ROOT_CLASS = YES_ERROR;
				CLANG_WARN_QUOTED_INCLUDE_IN_FRAMEWORK_HEADER = YES;
				CLANG_WARN_RANGE_LOOP_ANALYSIS = YES;
				CLANG_WARN_STRICT_PROTOTYPES = YES;
				CLANG_WARN_SUSPICIOUS_MOVE = YES;
				CLANG_WARN_UNGUARDED_AVAILABILITY = YES_AGGRESSIVE;
				CLANG_WARN_UNREACHABLE_CODE = YES;
				CLANG_WARN__DUPLICATE_METHOD_MATCH = YES;
				COPY_PHASE_STRIP = NO;
				DEBUG_INFORMATION_FORMAT = "dwarf-with-dsym";
				ENABLE_NS_ASSERTIONS = NO;
				ENABLE_STRICT_OBJC_MSGSEND = YES;
				GCC_C_LANGUAGE_STANDARD = gnu11;
				GCC_NO_COMMON_BLOCKS = YES;
				GCC_WARN_64_TO_32_BIT_CONVERSION = YES;
				GCC_WARN_ABOUT_RETURN_TYPE = YES_ERROR;
				GCC_WARN_UNDECLARED_SELECTOR = YES;
				GCC_WARN_UNINITIALIZED_AUTOS = YES_AGGRESSIVE;
				GCC_WARN_UNUSED_FUNCTION = YES;
				GCC_WARN_UNUSED_VARIABLE = YES;
				IPHONEOS_DEPLOYMENT_TARGET = 14.2;
				MTL_ENABLE_DEBUG_INFO = NO;
				MTL_FAST_MATH = YES;
				SDKROOT = iphoneos;
				SWIFT_COMPILATION_MODE = wholemodule;
				SWIFT_OPTIMIZATION_LEVEL = "-O";
				VALIDATE_PRODUCT = YES;
			};
			name = Release;
		};
		462A529C256E5C650098C110 /* Debug */ = {
			isa = XCBuildConfiguration;
			buildSettings = {
				ASSETCATALOG_COMPILER_APPICON_NAME = AppIcon;
				ASSETCATALOG_COMPILER_GLOBAL_ACCENT_COLOR_NAME = AccentColor;
				CODE_SIGN_STYLE = Automatic;
				DEVELOPMENT_TEAM = 3FP28BF586;
				INFOPLIST_FILE = WeatherApp/Info.plist;
				LD_RUNPATH_SEARCH_PATHS = (
					"$(inherited)",
					"@executable_path/Frameworks",
				);
				PRODUCT_BUNDLE_IDENTIFIER = com.foytingo.WeatherApp;
				PRODUCT_NAME = "$(TARGET_NAME)";
				SWIFT_VERSION = 5.0;
				TARGETED_DEVICE_FAMILY = "1,2";
			};
			name = Debug;
		};
		462A529D256E5C650098C110 /* Release */ = {
			isa = XCBuildConfiguration;
			buildSettings = {
				ASSETCATALOG_COMPILER_APPICON_NAME = AppIcon;
				ASSETCATALOG_COMPILER_GLOBAL_ACCENT_COLOR_NAME = AccentColor;
				CODE_SIGN_STYLE = Automatic;
				DEVELOPMENT_TEAM = 3FP28BF586;
				INFOPLIST_FILE = WeatherApp/Info.plist;
				LD_RUNPATH_SEARCH_PATHS = (
					"$(inherited)",
					"@executable_path/Frameworks",
				);
				PRODUCT_BUNDLE_IDENTIFIER = com.foytingo.WeatherApp;
				PRODUCT_NAME = "$(TARGET_NAME)";
				SWIFT_VERSION = 5.0;
				TARGETED_DEVICE_FAMILY = "1,2";
			};
			name = Release;
		};
		462A529F256E5C650098C110 /* Debug */ = {
			isa = XCBuildConfiguration;
			buildSettings = {
				ALWAYS_EMBED_SWIFT_STANDARD_LIBRARIES = YES;
				BUNDLE_LOADER = "$(TEST_HOST)";
				CODE_SIGN_STYLE = Automatic;
				DEVELOPMENT_TEAM = 3FP28BF586;
				INFOPLIST_FILE = WeatherAppTests/Info.plist;
				IPHONEOS_DEPLOYMENT_TARGET = 14.2;
				LD_RUNPATH_SEARCH_PATHS = (
					"$(inherited)",
					"@executable_path/Frameworks",
					"@loader_path/Frameworks",
				);
				PRODUCT_BUNDLE_IDENTIFIER = com.foytingo.WeatherAppTests;
				PRODUCT_NAME = "$(TARGET_NAME)";
				SWIFT_VERSION = 5.0;
				TARGETED_DEVICE_FAMILY = "1,2";
				TEST_HOST = "$(BUILT_PRODUCTS_DIR)/WeatherApp.app/WeatherApp";
			};
			name = Debug;
		};
		462A52A0256E5C650098C110 /* Release */ = {
			isa = XCBuildConfiguration;
			buildSettings = {
				ALWAYS_EMBED_SWIFT_STANDARD_LIBRARIES = YES;
				BUNDLE_LOADER = "$(TEST_HOST)";
				CODE_SIGN_STYLE = Automatic;
				DEVELOPMENT_TEAM = 3FP28BF586;
				INFOPLIST_FILE = WeatherAppTests/Info.plist;
				IPHONEOS_DEPLOYMENT_TARGET = 14.2;
				LD_RUNPATH_SEARCH_PATHS = (
					"$(inherited)",
					"@executable_path/Frameworks",
					"@loader_path/Frameworks",
				);
				PRODUCT_BUNDLE_IDENTIFIER = com.foytingo.WeatherAppTests;
				PRODUCT_NAME = "$(TARGET_NAME)";
				SWIFT_VERSION = 5.0;
				TARGETED_DEVICE_FAMILY = "1,2";
				TEST_HOST = "$(BUILT_PRODUCTS_DIR)/WeatherApp.app/WeatherApp";
			};
			name = Release;
		};
		462A52A2256E5C650098C110 /* Debug */ = {
			isa = XCBuildConfiguration;
			buildSettings = {
				ALWAYS_EMBED_SWIFT_STANDARD_LIBRARIES = YES;
				CODE_SIGN_STYLE = Automatic;
				DEVELOPMENT_TEAM = 3FP28BF586;
				INFOPLIST_FILE = WeatherAppUITests/Info.plist;
				LD_RUNPATH_SEARCH_PATHS = (
					"$(inherited)",
					"@executable_path/Frameworks",
					"@loader_path/Frameworks",
				);
				PRODUCT_BUNDLE_IDENTIFIER = com.foytingo.WeatherAppUITests;
				PRODUCT_NAME = "$(TARGET_NAME)";
				SWIFT_VERSION = 5.0;
				TARGETED_DEVICE_FAMILY = "1,2";
				TEST_TARGET_NAME = WeatherApp;
			};
			name = Debug;
		};
		462A52A3256E5C650098C110 /* Release */ = {
			isa = XCBuildConfiguration;
			buildSettings = {
				ALWAYS_EMBED_SWIFT_STANDARD_LIBRARIES = YES;
				CODE_SIGN_STYLE = Automatic;
				DEVELOPMENT_TEAM = 3FP28BF586;
				INFOPLIST_FILE = WeatherAppUITests/Info.plist;
				LD_RUNPATH_SEARCH_PATHS = (
					"$(inherited)",
					"@executable_path/Frameworks",
					"@loader_path/Frameworks",
				);
				PRODUCT_BUNDLE_IDENTIFIER = com.foytingo.WeatherAppUITests;
				PRODUCT_NAME = "$(TARGET_NAME)";
				SWIFT_VERSION = 5.0;
				TARGETED_DEVICE_FAMILY = "1,2";
				TEST_TARGET_NAME = WeatherApp;
			};
			name = Release;
		};
/* End XCBuildConfiguration section */

/* Begin XCConfigurationList section */
		462A526C256E5C630098C110 /* Build configuration list for PBXProject "WeatherApp" */ = {
			isa = XCConfigurationList;
			buildConfigurations = (
				462A5299256E5C650098C110 /* Debug */,
				462A529A256E5C650098C110 /* Release */,
			);
			defaultConfigurationIsVisible = 0;
			defaultConfigurationName = Release;
		};
		462A529B256E5C650098C110 /* Build configuration list for PBXNativeTarget "WeatherApp" */ = {
			isa = XCConfigurationList;
			buildConfigurations = (
				462A529C256E5C650098C110 /* Debug */,
				462A529D256E5C650098C110 /* Release */,
			);
			defaultConfigurationIsVisible = 0;
			defaultConfigurationName = Release;
		};
		462A529E256E5C650098C110 /* Build configuration list for PBXNativeTarget "WeatherAppTests" */ = {
			isa = XCConfigurationList;
			buildConfigurations = (
				462A529F256E5C650098C110 /* Debug */,
				462A52A0256E5C650098C110 /* Release */,
			);
			defaultConfigurationIsVisible = 0;
			defaultConfigurationName = Release;
		};
		462A52A1256E5C650098C110 /* Build configuration list for PBXNativeTarget "WeatherAppUITests" */ = {
			isa = XCConfigurationList;
			buildConfigurations = (
				462A52A2256E5C650098C110 /* Debug */,
				462A52A3256E5C650098C110 /* Release */,
			);
			defaultConfigurationIsVisible = 0;
			defaultConfigurationName = Release;
		};
/* End XCConfigurationList section */
	};
	rootObject = 462A5269256E5C630098C110 /* Project object */;
}
